
Microsoft Visual Studio Solution File, Format Version 12.00
# Visual Studio Version 17
VisualStudioVersion = 17.4.33122.133
MinimumVisualStudioVersion = 10.0.40219.1
Project("{9A19103F-16F7-4668-BE54-9A1E7A4F7556}") = "4 ДОМАШКА", "3 ДОМАШКА\4 ДОМАШКА.csproj", "{8C8226F0-E2A5-4B88-8157-FB12F93A2ADF}"
EndProject
Global
	GlobalSection(SolutionConfigurationPlatforms) = preSolution
		Debug|Any CPU = Debug|Any CPU
		Release|Any CPU = Release|Any CPU
	EndGlobalSection
	GlobalSection(ProjectConfigurationPlatforms) = postSolution
		{8C8226F0-E2A5-4B88-8157-FB12F93A2ADF}.Debug|Any CPU.ActiveCfg = Debug|Any CPU
		{8C8226F0-E2A5-4B88-8157-FB12F93A2ADF}.Debug|Any CPU.Build.0 = Debug|Any CPU
		{8C8226F0-E2A5-4B88-8157-FB12F93A2ADF}.Release|Any CPU.ActiveCfg = Release|Any CPU
		{8C8226F0-E2A5-4B88-8157-FB12F93A2ADF}.Release|Any CPU.Build.0 = Release|Any CPU
	EndGlobalSection
	GlobalSection(SolutionProperties) = preSolution
		HideSolutionNode = FALSE
	EndGlobalSection
	GlobalSection(ExtensibilityGlobals) = postSolution
		SolutionGuid = {BE8257A4-E3B0-4B1D-8D58-F1EE63E600D7}
	EndGlobalSection
EndGlobal
